{
  "name": "racheli-static",
  "version": "0.1.0",
  "lockfileVersion": 2,
  "requires": true,
  "packages": {
    "": {
      "name": "racheli-static",
      "version": "0.1.0",
      "dependencies": {
        "next": "^13.0.3-canary.1",
        "react": "18.2.0",
        "react-dom": "18.2.0"
      }
    },
    "node_modules/@next/env": {
      "version": "13.0.3-canary.1",
      "resolved": "https://registry.npmjs.org/@next/env/-/env-13.0.3-canary.1.tgz",
      "integrity": "sha512-/CmSfWbkdbGRfQP4A/9+BNZuzxNW4e6fJSLdQxl93gwP8RcFaQ/hYUR1weqId+KNM/ZQyJO52trSsenrOxeT4g=="
    },
    "node_modules/@next/swc-android-arm-eabi": {
      "version": "13.0.3-canary.1",
      "resolved": "https://registry.npmjs.org/@next/swc-android-arm-eabi/-/swc-android-arm-eabi-13.0.3-canary.1.tgz",
      "integrity": "sha512-Igw1lXoPS5EnZQ7o5npsNUWXDFnMiizhTU7+M54QUaajS7HUSc8slYeqgYj8mnMBp6Pm/x4sJgi8n3MrDECAbw==",
      "cpu": [
        "arm"
      ],
      "optional": true,
      "os": [
        "android"
      ],
      "engines": {
        "node": ">= 10"
      }
    },
    "node_modules/@next/swc-android-arm64": {
      "version": "13.0.3-canary.1",
      "resolved": "https://registry.npmjs.org/@next/swc-android-arm64/-/swc-android-arm64-13.0.3-canary.1.tgz",
      "integrity": "sha512-CTNLjmnSVje8RvRUKR2kM9iuCKq66qfgwLDgWpG/kRARcBtOHp+AKxCqkBBSGyiHesw3KV2wdDLMf4rMiooTBg==",
      "cpu": [
        "arm64"
      ],
      "optional": true,
      "os": [
        "android"
      ],
      "engines": {
        "node": ">= 10"
      }
    },
    "node_modules/@next/swc-darwin-arm64": {
      "version": "13.0.3-canary.1",
      "resolved": "https://registry.npmjs.org/@next/swc-darwin-arm64/-/swc-darwin-arm64-13.0.3-canary.1.tgz",
      "integrity": "sha512-DFPsJnPAk9xzkBzBKz0l1fFB8ia+wQTUkXKg+PiZgiVVjoGFFuXqLsKS+De2pF+/mSAPBlcg73SAgB/Xd81vaQ==",
      "cpu": [
        "arm64"
      ],
      "optional": true,
      "os": [
        "darwin"
      ],
      "engines": {
        "node": ">= 10"
      }
    },
    "node_modules/@next/swc-darwin-x64": {
      "version": "13.0.3-canary.1",
      "resolved": "https://registry.npmjs.org/@next/swc-darwin-x64/-/swc-darwin-x64-13.0.3-canary.1.tgz",
      "integrity": "sha512-hgtjVm8gPpqrmLpM1DOBkJjuBZvYB693c9K21uzE8TF8FFLl2/wAunmDFYBgnabAzq+vuzQKwmz5TV7svLDYjQ==",
      "cpu": [
        "x64"
      ],
      "optional": true,
      "os": [
        "darwin"
      ],
      "engines": {
        "node": ">= 10"
      }
    },
    "node_modules/@next/swc-freebsd-x64": {
      "version": "13.0.3-canary.1",
      "resolved": "https://registry.npmjs.org/@next/swc-freebsd-x64/-/swc-freebsd-x64-13.0.3-canary.1.tgz",
      "integrity": "sha512-PfpCCbPH5/fAURJHDXNWgGJkPUJ4UuNFk+t8ojxOnFOArLucDnLEl1dX058C/l2KUoSUVe+25eMYfGP8DlUr8A==",
      "cpu": [
        "x64"
      ],
      "optional": true,
      "os": [
        "freebsd"
      ],
      "engines": {
        "node": ">= 10"
      }
    },
    "node_modules/@next/swc-linux-arm-gnueabihf": {
      "version": "13.0.3-canary.1",
      "resolved": "https://registry.npmjs.org/@next/swc-linux-arm-gnueabihf/-/swc-linux-arm-gnueabihf-13.0.3-canary.1.tgz",
      "integrity": "sha512-cpRfril/NfPrUEAC9Auoz5ZYsrPjyCBzPRB0qWNUtyBY/553+W9uUwQJb9SwchHxz36zLMwEwLqyD7Ci9ib0qg==",
      "cpu": [
        "arm"
      ],
      "optional": true,
      "os": [
        "linux"
      ],
      "engines": {
        "node": ">= 10"
      }
    },
    "node_modules/@next/swc-linux-arm64-gnu": {
      "version": "13.0.3-canary.1",
      "resolved": "https://registry.npmjs.org/@next/swc-linux-arm64-gnu/-/swc-linux-arm64-gnu-13.0.3-canary.1.tgz",
      "integrity": "sha512-9n09Eb1ApX+PFZv3oTzN8uNX+jeKgpc+PlNeJLyoK3UQx86xlUZCO/hMwMU8s+RT3bdHc73DciBPRQs9vD63Vw==",
      "cpu": [
        "arm64"
      ],
      "optional": true,
      "os": [
        "linux"
      ],
      "engines": {
        "node": ">= 10"
      }
    },
    "node_modules/@next/swc-linux-arm64-musl": {
      "version": "13.0.3-canary.1",
      "resolved": "https://registry.npmjs.org/@next/swc-linux-arm64-musl/-/swc-linux-arm64-musl-13.0.3-canary.1.tgz",
      "integrity": "sha512-ojGdNQgvr+0auuS8w/a7pyVgEv7P+OuJz9SZqJ2YI7ksVE5FOuvedpZ/0IBT8hqE1N73ek8ueQ9p8JXtjGIQ4w==",
      "cpu": [
        "arm64"
      ],
      "optional": true,
      "os": [
        "linux"
      ],
      "engines": {
        "node": ">= 10"
      }
    },
    "node_modules/@next/swc-linux-x64-gnu": {
      "version": "13.0.3-canary.1",
      "resolved": "https://registry.npmjs.org/@next/swc-linux-x64-gnu/-/swc-linux-x64-gnu-13.0.3-canary.1.tgz",
      "integrity": "sha512-1WPonLZm/RjUDfxfeRwBzwoXxQo01qqsDuOAvEyIbC0C0Vw4BAoyAX9tPa6REHbL5NzO+bKvW8iI01djNqYF2A==",
      "cpu": [
        "x64"
      ],
      "optional": true,
      "os": [
        "linux"
      ],
      "engines": {
        "node": ">= 10"
      }
    },
    "node_modules/@next/swc-linux-x64-musl": {
      "version": "13.0.3-canary.1",
      "resolved": "https://registry.npmjs.org/@next/swc-linux-x64-musl/-/swc-linux-x64-musl-13.0.3-canary.1.tgz",
      "integrity": "sha512-Y5FOZAwZoKRdvHGKg6g5l0Vs0Jgxb1t0Y1g+ZPdPaVzYbGKNywm8L4zO2OFdGb0umpJzwmcn2GQEasm8ADTnZQ==",
      "cpu": [
        "x64"
      ],
      "optional": true,
      "os": [
        "linux"
      ],
      "engines": {
        "node": ">= 10"
      }
    },
    "node_modules/@next/swc-win32-arm64-msvc": {
      "version": "13.0.3-canary.1",
      "resolved": "https://registry.npmjs.org/@next/swc-win32-arm64-msvc/-/swc-win32-arm64-msvc-13.0.3-canary.1.tgz",
      "integrity": "sha512-iVzm3051kyvUxA6ZeV3nBz1x0lRHR3v1bBMVpT939axOAFZDAVTy25FXnYLqXQ9t7dEraJTKMb9bZVnY8gw1yg==",
      "cpu": [
        "arm64"
      ],
      "optional": true,
      "os": [
        "win32"
      ],
      "engines": {
        "node": ">= 10"
      }
    },
    "node_modules/@next/swc-win32-ia32-msvc": {
      "version": "13.0.3-canary.1",
      "resolved": "https://registry.npmjs.org/@next/swc-win32-ia32-msvc/-/swc-win32-ia32-msvc-13.0.3-canary.1.tgz",
      "integrity": "sha512-JV5WGfzrgcxuLjvcuGQiganSzrBkZuK8r+DBbjt7S0ABi8IMDc7cyYmq4Ck1T8baZosLyTjgP4o9MBG+Q9OAdw==",
      "cpu": [
        "ia32"
      ],
      "optional": true,
      "os": [
        "win32"
      ],
      "engines": {
        "node": ">= 10"
      }
    },
    "node_modules/@next/swc-win32-x64-msvc": {
      "version": "13.0.3-canary.1",
      "resolved": "https://registry.npmjs.org/@next/swc-win32-x64-msvc/-/swc-win32-x64-msvc-13.0.3-canary.1.tgz",
      "integrity": "sha512-7dNRSvMpvwBwh7n4ba6eXMXYw3fFRs92qtcJ2Kn9bsJk0jH8lBijRUAArL2PQ/4oAQD8go4dTkmcr4lMJ/Ivzg==",
      "cpu": [
        "x64"
      ],
      "optional": true,
      "os": [
        "win32"
      ],
      "engines": {
        "node": ">= 10"
      }
    },
    "node_modules/@swc/helpers": {
      "version": "0.4.11",
      "resolved": "https://registry.npmjs.org/@swc/helpers/-/helpers-0.4.11.tgz",
      "integrity": "sha512-rEUrBSGIoSFuYxwBYtlUFMlE2CwGhmW+w9355/5oduSw8e5h2+Tj4UrAGNNgP9915++wj5vkQo0UuOBqOAq4nw==",
      "dependencies": {
        "tslib": "^2.4.0"
      }
    },
    "node_modules/caniuse-lite": {
      "version": "1.0.30001429",
      "resolved": "https://registry.npmjs.org/caniuse-lite/-/caniuse-lite-1.0.30001429.tgz",
      "integrity": "sha512-511ThLu1hF+5RRRt0zYCf2U2yRr9GPF6m5y90SBCWsvSoYoW7yAGlv/elyPaNfvGCkp6kj/KFZWU0BMA69Prsg==",
      "funding": [
        {
          "type": "opencollective",
          "url": "https://opencollective.com/browserslist"
        },
        {
          "type": "tidelift",
          "url": "https://tidelift.com/funding/github/npm/caniuse-lite"
        }
      ]
    },
    "node_modules/client-only": {
      "version": "0.0.1",
      "resolved": "https://registry.npmjs.org/client-only/-/client-only-0.0.1.tgz",
      "integrity": "sha512-IV3Ou0jSMzZrd3pZ48nLkT9DA7Ag1pnPzaiQhpW7c3RbcqqzvzzVu+L8gfqMp/8IM2MQtSiqaCxrrcfu8I8rMA=="
    },
    "node_modules/js-tokens": {
      "version": "4.0.0",
      "resolved": "https://registry.npmjs.org/js-tokens/-/js-tokens-4.0.0.tgz",
      "integrity": "sha512-RdJUflcE3cUzKiMqQgsCu06FPu9UdIJO0beYbPhHN4k6apgJtifcoCtT9bcxOpYBtpD2kCM6Sbzg4CausW/PKQ=="
    },
    "node_modules/loose-envify": {
      "version": "1.4.0",
      "resolved": "https://registry.npmjs.org/loose-envify/-/loose-envify-1.4.0.tgz",
      "integrity": "sha512-lyuxPGr/Wfhrlem2CL/UcnUc1zcqKAImBDzukY7Y5F/yQiNdko6+fRLevlw1HgMySw7f611UIY408EtxRSoK3Q==",
      "dependencies": {
        "js-tokens": "^3.0.0 || ^4.0.0"
      },
      "bin": {
        "loose-envify": "cli.js"
      }
    },
    "node_modules/nanoid": {
      "version": "3.3.4",
      "resolved": "https://registry.npmjs.org/nanoid/-/nanoid-3.3.4.tgz",
      "integrity": "sha512-MqBkQh/OHTS2egovRtLk45wEyNXwF+cokD+1YPf9u5VfJiRdAiRwB2froX5Co9Rh20xs4siNPm8naNotSD6RBw==",
      "bin": {
        "nanoid": "bin/nanoid.cjs"
      },
      "engines": {
        "node": "^10 || ^12 || ^13.7 || ^14 || >=15.0.1"
      }
    },
    "node_modules/next": {
      "version": "13.0.3-canary.1",
      "resolved": "https://registry.npmjs.org/next/-/next-13.0.3-canary.1.tgz",
      "integrity": "sha512-ZgtbfQ3Dhf6xS0Weug7Yt+oeRFRFl/MDHCGQMZPftd5tbpFqiowLJWZ+N9926e8J7hP8n4m2BKIJEqVqoKJigA==",
      "dependencies": {
        "@next/env": "13.0.3-canary.1",
        "@swc/helpers": "0.4.11",
        "caniuse-lite": "^1.0.30001406",
        "postcss": "8.4.14",
        "styled-jsx": "5.1.0",
        "use-sync-external-store": "1.2.0"
      },
      "bin": {
        "next": "dist/bin/next"
      },
      "engines": {
        "node": ">=14.6.0"
      },
      "optionalDependencies": {
        "@next/swc-android-arm-eabi": "13.0.3-canary.1",
        "@next/swc-android-arm64": "13.0.3-canary.1",
        "@next/swc-darwin-arm64": "13.0.3-canary.1",
        "@next/swc-darwin-x64": "13.0.3-canary.1",
        "@next/swc-freebsd-x64": "13.0.3-canary.1",
        "@next/swc-linux-arm-gnueabihf": "13.0.3-canary.1",
        "@next/swc-linux-arm64-gnu": "13.0.3-canary.1",
        "@next/swc-linux-arm64-musl": "13.0.3-canary.1",
        "@next/swc-linux-x64-gnu": "13.0.3-canary.1",
        "@next/swc-linux-x64-musl": "13.0.3-canary.1",
        "@next/swc-win32-arm64-msvc": "13.0.3-canary.1",
        "@next/swc-win32-ia32-msvc": "13.0.3-canary.1",
        "@next/swc-win32-x64-msvc": "13.0.3-canary.1"
      },
      "peerDependencies": {
        "fibers": ">= 3.1.0",
        "node-sass": "^6.0.0 || ^7.0.0",
        "react": "^18.2.0",
        "react-dom": "^18.2.0",
        "sass": "^1.3.0"
      },
      "peerDependenciesMeta": {
        "fibers": {
          "optional": true
        },
        "node-sass": {
          "optional": true
        },
        "sass": {
          "optional": true
        }
      }
    },
    "node_modules/picocolors": {
      "version": "1.0.0",
      "resolved": "https://registry.npmjs.org/picocolors/-/picocolors-1.0.0.tgz",
      "integrity": "sha512-1fygroTLlHu66zi26VoTDv8yRgm0Fccecssto+MhsZ0D/DGW2sm8E8AjW7NU5VVTRt5GxbeZ5qBuJr+HyLYkjQ=="
    },
    "node_modules/postcss": {
      "version": "8.4.14",
      "resolved": "https://registry.npmjs.org/postcss/-/postcss-8.4.14.tgz",
      "integrity": "sha512-E398TUmfAYFPBSdzgeieK2Y1+1cpdxJx8yXbK/m57nRhKSmk1GB2tO4lbLBtlkfPQTDKfe4Xqv1ASWPpayPEig==",
      "funding": [
        {
          "type": "opencollective",
          "url": "https://opencollective.com/postcss/"
        },
        {
          "type": "tidelift",
          "url": "https://tidelift.com/funding/github/npm/postcss"
        }
      ],
      "dependencies": {
        "nanoid": "^3.3.4",
        "picocolors": "^1.0.0",
        "source-map-js": "^1.0.2"
      },
      "engines": {
        "node": "^10 || ^12 || >=14"
      }
    },
    "node_modules/react": {
      "version": "18.2.0",
      "resolved": "https://registry.npmjs.org/react/-/react-18.2.0.tgz",
      "integrity": "sha512-/3IjMdb2L9QbBdWiW5e3P2/npwMBaU9mHCSCUzNln0ZCYbcfTsGbTJrU/kGemdH2IWmB2ioZ+zkxtmq6g09fGQ==",
      "dependencies": {
        "loose-envify": "^1.1.0"
      },
      "engines": {
        "node": ">=0.10.0"
      }
    },
    "node_modules/react-dom": {
      "version": "18.2.0",
      "resolved": "https://registry.npmjs.org/react-dom/-/react-dom-18.2.0.tgz",
      "integrity": "sha512-6IMTriUmvsjHUjNtEDudZfuDQUoWXVxKHhlEGSk81n4YFS+r/Kl99wXiwlVXtPBtJenozv2P+hxDsw9eA7Xo6g==",
      "dependencies": {
        "loose-envify": "^1.1.0",
        "scheduler": "^0.23.0"
      },
      "peerDependencies": {
        "react": "^18.2.0"
      }
    },
    "node_modules/scheduler": {
      "version": "0.23.0",
      "resolved": "https://registry.npmjs.org/scheduler/-/scheduler-0.23.0.tgz",
      "integrity": "sha512-CtuThmgHNg7zIZWAXi3AsyIzA3n4xx7aNyjwC2VJldO2LMVDhFK+63xGqq6CsJH4rTAt6/M+N4GhZiDYPx9eUw==",
      "dependencies": {
        "loose-envify": "^1.1.0"
      }
    },
    "node_modules/source-map-js": {
      "version": "1.0.2",
      "resolved": "https://registry.npmjs.org/source-map-js/-/source-map-js-1.0.2.tgz",
      "integrity": "sha512-R0XvVJ9WusLiqTCEiGCmICCMplcCkIwwR11mOSD9CR5u+IXYdiseeEuXCVAjS54zqwkLcPNnmU4OeJ6tUrWhDw==",
      "engines": {
        "node": ">=0.10.0"
      }
    },
    "node_modules/styled-jsx": {
      "version": "5.1.0",
      "resolved": "https://registry.npmjs.org/styled-jsx/-/styled-jsx-5.1.0.tgz",
      "integrity": "sha512-/iHaRJt9U7T+5tp6TRelLnqBqiaIT0HsO0+vgyj8hK2KUk7aejFqRrumqPUlAqDwAj8IbS/1hk3IhBAAK/FCUQ==",
      "dependencies": {
        "client-only": "0.0.1"
      },
      "engines": {
        "node": ">= 12.0.0"
      },
      "peerDependencies": {
        "react": ">= 16.8.0 || 17.x.x || ^18.0.0-0"
      },
      "peerDependenciesMeta": {
        "@babel/core": {
          "optional": true
        },
        "babel-plugin-macros": {
          "optional": true
        }
      }
    },
    "node_modules/tslib": {
      "version": "2.4.1",
      "resolved": "https://registry.npmjs.org/tslib/-/tslib-2.4.1.tgz",
      "integrity": "sha512-tGyy4dAjRIEwI7BzsB0lynWgOpfqjUdq91XXAlIWD2OwKBH7oCl/GZG/HT4BOHrTlPMOASlMQ7veyTqpmRcrNA=="
    },
    "node_modules/use-sync-external-store": {
      "version": "1.2.0",
      "resolved": "https://registry.npmjs.org/use-sync-external-store/-/use-sync-external-store-1.2.0.tgz",
      "integrity": "sha512-eEgnFxGQ1Ife9bzYs6VLi8/4X6CObHMw9Qr9tPY43iKwsPw8xE8+EFsf/2cFZ5S3esXgpWgtSCtLNS41F+sKPA==",
      "peerDependencies": {
        "react": "^16.8.0 || ^17.0.0 || ^18.0.0"
      }
    }
  },
  "dependencies": {
    "@next/env": {
      "version": "13.0.3-canary.1",
      "resolved": "https://registry.npmjs.org/@next/env/-/env-13.0.3-canary.1.tgz",
      "integrity": "sha512-/CmSfWbkdbGRfQP4A/9+BNZuzxNW4e6fJSLdQxl93gwP8RcFaQ/hYUR1weqId+KNM/ZQyJO52trSsenrOxeT4g=="
    },
    "@next/swc-android-arm-eabi": {
      "version": "13.0.3-canary.1",
      "resolved": "https://registry.npmjs.org/@next/swc-android-arm-eabi/-/swc-android-arm-eabi-13.0.3-canary.1.tgz",
      "integrity": "sha512-Igw1lXoPS5EnZQ7o5npsNUWXDFnMiizhTU7+M54QUaajS7HUSc8slYeqgYj8mnMBp6Pm/x4sJgi8n3MrDECAbw==",
      "optional": true
    },
    "@next/swc-android-arm64": {
      "version": "13.0.3-canary.1",
      "resolved": "https://registry.npmjs.org/@next/swc-android-arm64/-/swc-android-arm64-13.0.3-canary.1.tgz",
      "integrity": "sha512-CTNLjmnSVje8RvRUKR2kM9iuCKq66qfgwLDgWpG/kRARcBtOHp+AKxCqkBBSGyiHesw3KV2wdDLMf4rMiooTBg==",
      "optional": true
    },
    "@next/swc-darwin-arm64": {
      "version": "13.0.3-canary.1",
      "resolved": "https://registry.npmjs.org/@next/swc-darwin-arm64/-/swc-darwin-arm64-13.0.3-canary.1.tgz",
      "integrity": "sha512-DFPsJnPAk9xzkBzBKz0l1fFB8ia+wQTUkXKg+PiZgiVVjoGFFuXqLsKS+De2pF+/mSAPBlcg73SAgB/Xd81vaQ==",
      "optional": true
    },
    "@next/swc-darwin-x64": {
      "version": "13.0.3-canary.1",
      "resolved": "https://registry.npmjs.org/@next/swc-darwin-x64/-/swc-darwin-x64-13.0.3-canary.1.tgz",
      "integrity": "sha512-hgtjVm8gPpqrmLpM1DOBkJjuBZvYB693c9K21uzE8TF8FFLl2/wAunmDFYBgnabAzq+vuzQKwmz5TV7svLDYjQ==",
      "optional": true
    },
    "@next/swc-freebsd-x64": {
      "version": "13.0.3-canary.1",
      "resolved": "https://registry.npmjs.org/@next/swc-freebsd-x64/-/swc-freebsd-x64-13.0.3-canary.1.tgz",
      "integrity": "sha512-PfpCCbPH5/fAURJHDXNWgGJkPUJ4UuNFk+t8ojxOnFOArLucDnLEl1dX058C/l2KUoSUVe+25eMYfGP8DlUr8A==",
      "optional": true
    },
    "@next/swc-linux-arm-gnueabihf": {
      "version": "13.0.3-canary.1",
      "resolved": "https://registry.npmjs.org/@next/swc-linux-arm-gnueabihf/-/swc-linux-arm-gnueabihf-13.0.3-canary.1.tgz",
      "integrity": "sha512-cpRfril/NfPrUEAC9Auoz5ZYsrPjyCBzPRB0qWNUtyBY/553+W9uUwQJb9SwchHxz36zLMwEwLqyD7Ci9ib0qg==",
      "optional": true
    },
    "@next/swc-linux-arm64-gnu": {
      "version": "13.0.3-canary.1",
      "resolved": "https://registry.npmjs.org/@next/swc-linux-arm64-gnu/-/swc-linux-arm64-gnu-13.0.3-canary.1.tgz",
      "integrity": "sha512-9n09Eb1ApX+PFZv3oTzN8uNX+jeKgpc+PlNeJLyoK3UQx86xlUZCO/hMwMU8s+RT3bdHc73DciBPRQs9vD63Vw==",
      "optional": true
    },
    "@next/swc-linux-arm64-musl": {
      "version": "13.0.3-canary.1",
      "resolved": "https://registry.npmjs.org/@next/swc-linux-arm64-musl/-/swc-linux-arm64-musl-13.0.3-canary.1.tgz",
      "integrity": "sha512-ojGdNQgvr+0auuS8w/a7pyVgEv7P+OuJz9SZqJ2YI7ksVE5FOuvedpZ/0IBT8hqE1N73ek8ueQ9p8JXtjGIQ4w==",
      "optional": true
    },
    "@next/swc-linux-x64-gnu": {
      "version": "13.0.3-canary.1",
      "resolved": "https://registry.npmjs.org/@next/swc-linux-x64-gnu/-/swc-linux-x64-gnu-13.0.3-canary.1.tgz",
      "integrity": "sha512-1WPonLZm/RjUDfxfeRwBzwoXxQo01qqsDuOAvEyIbC0C0Vw4BAoyAX9tPa6REHbL5NzO+bKvW8iI01djNqYF2A==",
      "optional": true
    },
    "@next/swc-linux-x64-musl": {
      "version": "13.0.3-canary.1",
      "resolved": "https://registry.npmjs.org/@next/swc-linux-x64-musl/-/swc-linux-x64-musl-13.0.3-canary.1.tgz",
      "integrity": "sha512-Y5FOZAwZoKRdvHGKg6g5l0Vs0Jgxb1t0Y1g+ZPdPaVzYbGKNywm8L4zO2OFdGb0umpJzwmcn2GQEasm8ADTnZQ==",
      "optional": true
    },
    "@next/swc-win32-arm64-msvc": {
      "version": "13.0.3-canary.1",
      "resolved": "https://registry.npmjs.org/@next/swc-win32-arm64-msvc/-/swc-win32-arm64-msvc-13.0.3-canary.1.tgz",
      "integrity": "sha512-iVzm3051kyvUxA6ZeV3nBz1x0lRHR3v1bBMVpT939axOAFZDAVTy25FXnYLqXQ9t7dEraJTKMb9bZVnY8gw1yg==",
      "optional": true
    },
    "@next/swc-win32-ia32-msvc": {
      "version": "13.0.3-canary.1",
      "resolved": "https://registry.npmjs.org/@next/swc-win32-ia32-msvc/-/swc-win32-ia32-msvc-13.0.3-canary.1.tgz",
      "integrity": "sha512-JV5WGfzrgcxuLjvcuGQiganSzrBkZuK8r+DBbjt7S0ABi8IMDc7cyYmq4Ck1T8baZosLyTjgP4o9MBG+Q9OAdw==",
      "optional": true
    },
    "@next/swc-win32-x64-msvc": {
      "version": "13.0.3-canary.1",
      "resolved": "https://registry.npmjs.org/@next/swc-win32-x64-msvc/-/swc-win32-x64-msvc-13.0.3-canary.1.tgz",
      "integrity": "sha512-7dNRSvMpvwBwh7n4ba6eXMXYw3fFRs92qtcJ2Kn9bsJk0jH8lBijRUAArL2PQ/4oAQD8go4dTkmcr4lMJ/Ivzg==",
      "optional": true
    },
    "@swc/helpers": {
      "version": "0.4.11",
      "resolved": "https://registry.npmjs.org/@swc/helpers/-/helpers-0.4.11.tgz",
      "integrity": "sha512-rEUrBSGIoSFuYxwBYtlUFMlE2CwGhmW+w9355/5oduSw8e5h2+Tj4UrAGNNgP9915++wj5vkQo0UuOBqOAq4nw==",
      "requires": {
        "tslib": "^2.4.0"
      }
    },
    "caniuse-lite": {
      "version": "1.0.30001429",
      "resolved": "https://registry.npmjs.org/caniuse-lite/-/caniuse-lite-1.0.30001429.tgz",
      "integrity": "sha512-511ThLu1hF+5RRRt0zYCf2U2yRr9GPF6m5y90SBCWsvSoYoW7yAGlv/elyPaNfvGCkp6kj/KFZWU0BMA69Prsg=="
    },
    "client-only": {
      "version": "0.0.1",
      "resolved": "https://registry.npmjs.org/client-only/-/client-only-0.0.1.tgz",
      "integrity": "sha512-IV3Ou0jSMzZrd3pZ48nLkT9DA7Ag1pnPzaiQhpW7c3RbcqqzvzzVu+L8gfqMp/8IM2MQtSiqaCxrrcfu8I8rMA=="
    },
    "js-tokens": {
      "version": "4.0.0",
      "resolved": "https://registry.npmjs.org/js-tokens/-/js-tokens-4.0.0.tgz",
      "integrity": "sha512-RdJUflcE3cUzKiMqQgsCu06FPu9UdIJO0beYbPhHN4k6apgJtifcoCtT9bcxOpYBtpD2kCM6Sbzg4CausW/PKQ=="
    },
    "loose-envify": {
      "version": "1.4.0",
      "resolved": "https://registry.npmjs.org/loose-envify/-/loose-envify-1.4.0.tgz",
      "integrity": "sha512-lyuxPGr/Wfhrlem2CL/UcnUc1zcqKAImBDzukY7Y5F/yQiNdko6+fRLevlw1HgMySw7f611UIY408EtxRSoK3Q==",
      "requires": {
        "js-tokens": "^3.0.0 || ^4.0.0"
      }
    },
    "nanoid": {
      "version": "3.3.4",
      "resolved": "https://registry.npmjs.org/nanoid/-/nanoid-3.3.4.tgz",
      "integrity": "sha512-MqBkQh/OHTS2egovRtLk45wEyNXwF+cokD+1YPf9u5VfJiRdAiRwB2froX5Co9Rh20xs4siNPm8naNotSD6RBw=="
    },
    "next": {
      "version": "13.0.3-canary.1",
      "resolved": "https://registry.npmjs.org/next/-/next-13.0.3-canary.1.tgz",
      "integrity": "sha512-ZgtbfQ3Dhf6xS0Weug7Yt+oeRFRFl/MDHCGQMZPftd5tbpFqiowLJWZ+N9926e8J7hP8n4m2BKIJEqVqoKJigA==",
      "requires": {
        "@next/env": "13.0.3-canary.1",
        "@next/swc-android-arm-eabi": "13.0.3-canary.1",
        "@next/swc-android-arm64": "13.0.3-canary.1",
        "@next/swc-darwin-arm64": "13.0.3-canary.1",
        "@next/swc-darwin-x64": "13.0.3-canary.1",
        "@next/swc-freebsd-x64": "13.0.3-canary.1",
        "@next/swc-linux-arm-gnueabihf": "13.0.3-canary.1",
        "@next/swc-linux-arm64-gnu": "13.0.3-canary.1",
        "@next/swc-linux-arm64-musl": "13.0.3-canary.1",
        "@next/swc-linux-x64-gnu": "13.0.3-canary.1",
        "@next/swc-linux-x64-musl": "13.0.3-canary.1",
        "@next/swc-win32-arm64-msvc": "13.0.3-canary.1",
        "@next/swc-win32-ia32-msvc": "13.0.3-canary.1",
        "@next/swc-win32-x64-msvc": "13.0.3-canary.1",
        "@swc/helpers": "0.4.11",
        "caniuse-lite": "^1.0.30001406",
        "postcss": "8.4.14",
        "styled-jsx": "5.1.0",
        "use-sync-external-store": "1.2.0"
      }
    },
    "picocolors": {
      "version": "1.0.0",
      "resolved": "https://registry.npmjs.org/picocolors/-/picocolors-1.0.0.tgz",
      "integrity": "sha512-1fygroTLlHu66zi26VoTDv8yRgm0Fccecssto+MhsZ0D/DGW2sm8E8AjW7NU5VVTRt5GxbeZ5qBuJr+HyLYkjQ=="
    },
    "postcss": {
      "version": "8.4.14",
      "resolved": "https://registry.npmjs.org/postcss/-/postcss-8.4.14.tgz",
      "integrity": "sha512-E398TUmfAYFPBSdzgeieK2Y1+1cpdxJx8yXbK/m57nRhKSmk1GB2tO4lbLBtlkfPQTDKfe4Xqv1ASWPpayPEig==",
      "requires": {
        "nanoid": "^3.3.4",
        "picocolors": "^1.0.0",
        "source-map-js": "^1.0.2"
      }
    },
    "react": {
      "version": "18.2.0",
      "resolved": "https://registry.npmjs.org/react/-/react-18.2.0.tgz",
      "integrity": "sha512-/3IjMdb2L9QbBdWiW5e3P2/npwMBaU9mHCSCUzNln0ZCYbcfTsGbTJrU/kGemdH2IWmB2ioZ+zkxtmq6g09fGQ==",
      "requires": {
        "loose-envify": "^1.1.0"
      }
    },
    "react-dom": {
      "version": "18.2.0",
      "resolved": "https://registry.npmjs.org/react-dom/-/react-dom-18.2.0.tgz",
      "integrity": "sha512-6IMTriUmvsjHUjNtEDudZfuDQUoWXVxKHhlEGSk81n4YFS+r/Kl99wXiwlVXtPBtJenozv2P+hxDsw9eA7Xo6g==",
      "requires": {
        "loose-envify": "^1.1.0",
        "scheduler": "^0.23.0"
      }
    },
    "scheduler": {
      "version": "0.23.0",
      "resolved": "https://registry.npmjs.org/scheduler/-/scheduler-0.23.0.tgz",
      "integrity": "sha512-CtuThmgHNg7zIZWAXi3AsyIzA3n4xx7aNyjwC2VJldO2LMVDhFK+63xGqq6CsJH4rTAt6/M+N4GhZiDYPx9eUw==",
      "requires": {
        "loose-envify": "^1.1.0"
      }
    },
    "source-map-js": {
      "version": "1.0.2",
      "resolved": "https://registry.npmjs.org/source-map-js/-/source-map-js-1.0.2.tgz",
      "integrity": "sha512-R0XvVJ9WusLiqTCEiGCmICCMplcCkIwwR11mOSD9CR5u+IXYdiseeEuXCVAjS54zqwkLcPNnmU4OeJ6tUrWhDw=="
    },
    "styled-jsx": {
      "version": "5.1.0",
      "resolved": "https://registry.npmjs.org/styled-jsx/-/styled-jsx-5.1.0.tgz",
      "integrity": "sha512-/iHaRJt9U7T+5tp6TRelLnqBqiaIT0HsO0+vgyj8hK2KUk7aejFqRrumqPUlAqDwAj8IbS/1hk3IhBAAK/FCUQ==",
      "requires": {
        "client-only": "0.0.1"
      }
    },
    "tslib": {
      "version": "2.4.1",
      "resolved": "https://registry.npmjs.org/tslib/-/tslib-2.4.1.tgz",
      "integrity": "sha512-tGyy4dAjRIEwI7BzsB0lynWgOpfqjUdq91XXAlIWD2OwKBH7oCl/GZG/HT4BOHrTlPMOASlMQ7veyTqpmRcrNA=="
    },
    "use-sync-external-store": {
      "version": "1.2.0",
      "resolved": "https://registry.npmjs.org/use-sync-external-store/-/use-sync-external-store-1.2.0.tgz",
      "integrity": "sha512-eEgnFxGQ1Ife9bzYs6VLi8/4X6CObHMw9Qr9tPY43iKwsPw8xE8+EFsf/2cFZ5S3esXgpWgtSCtLNS41F+sKPA==",
      "requires": {}
    }
  }
}
